
Microsoft Visual Studio Solution File, Format Version 12.00
# Visual Studio 14
VisualStudioVersion = 14.0.25420.1
MinimumVisualStudioVersion = 10.0.40219.1
Project("{8BC9CEB8-8B4A-11D0-8D11-00A0C91BC942}") = "Matrix", "Matrix\Matrix.vcxproj", "{BC356E99-B4BF-4EFC-94C5-6B310FCF6144}"
EndProject
Project("{8BC9CEB8-8B4A-11D0-8D11-00A0C91BC942}") = "Task2", "Task2\Task2.vcxproj", "{BEADA314-7CF0-41FE-9718-795317734B02}"
EndProject
Project("{8BC9CEB8-8B4A-11D0-8D11-00A0C91BC942}") = "Task3", "Task3\Task3.vcxproj", "{124FC10C-04B2-437D-80B3-C949E0ACAAA3}"
EndProject
Project("{8BC9CEB8-8B4A-11D0-8D11-00A0C91BC942}") = "Task4", "Task4\Task4.vcxproj", "{183A12D1-1290-4193-B5FA-87D78830B1B0}"
EndProject
Global
	GlobalSection(SolutionConfigurationPlatforms) = preSolution
		Debug|x64 = Debug|x64
		Debug|x86 = Debug|x86
		Release|x64 = Release|x64
		Release|x86 = Release|x86
	EndGlobalSection
	GlobalSection(ProjectConfigurationPlatforms) = postSolution
		{BC356E99-B4BF-4EFC-94C5-6B310FCF6144}.Debug|x64.ActiveCfg = Debug|x64
		{BC356E99-B4BF-4EFC-94C5-6B310FCF6144}.Debug|x64.Build.0 = Debug|x64
		{BC356E99-B4BF-4EFC-94C5-6B310FCF6144}.Debug|x86.ActiveCfg = Debug|Win32
		{BC356E99-B4BF-4EFC-94C5-6B310FCF6144}.Debug|x86.Build.0 = Debug|Win32
		{BC356E99-B4BF-4EFC-94C5-6B310FCF6144}.Release|x64.ActiveCfg = Release|x64
		{BC356E99-B4BF-4EFC-94C5-6B310FCF6144}.Release|x64.Build.0 = Release|x64
		{BC356E99-B4BF-4EFC-94C5-6B310FCF6144}.Release|x86.ActiveCfg = Release|Win32
		{BC356E99-B4BF-4EFC-94C5-6B310FCF6144}.Release|x86.Build.0 = Release|Win32
		{BEADA314-7CF0-41FE-9718-795317734B02}.Debug|x64.ActiveCfg = Debug|x64
		{BEADA314-7CF0-41FE-9718-795317734B02}.Debug|x64.Build.0 = Debug|x64
		{BEADA314-7CF0-41FE-9718-795317734B02}.Debug|x86.ActiveCfg = Debug|Win32
		{BEADA314-7CF0-41FE-9718-795317734B02}.Debug|x86.Build.0 = Debug|Win32
		{BEADA314-7CF0-41FE-9718-795317734B02}.Release|x64.ActiveCfg = Release|x64
		{BEADA314-7CF0-41FE-9718-795317734B02}.Release|x64.Build.0 = Release|x64
		{BEADA314-7CF0-41FE-9718-795317734B02}.Release|x86.ActiveCfg = Release|Win32
		{BEADA314-7CF0-41FE-9718-795317734B02}.Release|x86.Build.0 = Release|Win32
		{124FC10C-04B2-437D-80B3-C949E0ACAAA3}.Debug|x64.ActiveCfg = Debug|x64
		{124FC10C-04B2-437D-80B3-C949E0ACAAA3}.Debug|x64.Build.0 = Debug|x64
		{124FC10C-04B2-437D-80B3-C949E0ACAAA3}.Debug|x86.ActiveCfg = Debug|Win32
		{124FC10C-04B2-437D-80B3-C949E0ACAAA3}.Debug|x86.Build.0 = Debug|Win32
		{124FC10C-04B2-437D-80B3-C949E0ACAAA3}.Release|x64.ActiveCfg = Release|x64
		{124FC10C-04B2-437D-80B3-C949E0ACAAA3}.Release|x64.Build.0 = Release|x64
		{124FC10C-04B2-437D-80B3-C949E0ACAAA3}.Release|x86.ActiveCfg = Release|Win32
		{124FC10C-04B2-437D-80B3-C949E0ACAAA3}.Release|x86.Build.0 = Release|Win32
		{183A12D1-1290-4193-B5FA-87D78830B1B0}.Debug|x64.ActiveCfg = Debug|x64
		{183A12D1-1290-4193-B5FA-87D78830B1B0}.Debug|x64.Build.0 = Debug|x64
		{183A12D1-1290-4193-B5FA-87D78830B1B0}.Debug|x86.ActiveCfg = Debug|Win32
		{183A12D1-1290-4193-B5FA-87D78830B1B0}.Debug|x86.Build.0 = Debug|Win32
		{183A12D1-1290-4193-B5FA-87D78830B1B0}.Release|x64.ActiveCfg = Release|x64
		{183A12D1-1290-4193-B5FA-87D78830B1B0}.Release|x64.Build.0 = Release|x64
		{183A12D1-1290-4193-B5FA-87D78830B1B0}.Release|x86.ActiveCfg = Release|Win32
		{183A12D1-1290-4193-B5FA-87D78830B1B0}.Release|x86.Build.0 = Release|Win32
	EndGlobalSection
	GlobalSection(SolutionProperties) = preSolution
		HideSolutionNode = FALSE
	EndGlobalSection
	GlobalSection(ExtensibilityGlobals) = postSolution
		SolutionGuid = {14171867-3D93-4B55-9F5F-045D47BE03F6}
	EndGlobalSection
EndGlobal
